
Microsoft Visual Studio Solution File, Format Version 12.00
# Visual Studio Version 17
VisualStudioVersion = 17.5.33530.505
MinimumVisualStudioVersion = 10.0.40219.1
Project("{8BC9CEB8-8B4A-11D0-8D11-00A0C91BC942}") = "camera_to_rtmp", "camera_to_rtmp.vcxproj", "{A0487A00-A656-4714-AE80-08A33CEDE179}"
EndProject
Global
	GlobalSection(SolutionConfigurationPlatforms) = preSolution
		Debug|x64 = Debug|x64
		Debug|x86 = Debug|x86
		Release|x64 = Release|x64
		Release|x86 = Release|x86
	EndGlobalSection
	GlobalSection(ProjectConfigurationPlatforms) = postSolution
		{A0487A00-A656-4714-AE80-08A33CEDE179}.Debug|x64.ActiveCfg = Debug|x64
		{A0487A00-A656-4714-AE80-08A33CEDE179}.Debug|x64.Build.0 = Debug|x64
		{A0487A00-A656-4714-AE80-08A33CEDE179}.Debug|x86.ActiveCfg = Debug|Win32
		{A0487A00-A656-4714-AE80-08A33CEDE179}.Debug|x86.Build.0 = Debug|Win32
		{A0487A00-A656-4714-AE80-08A33CEDE179}.Release|x64.ActiveCfg = Release|x64
		{A0487A00-A656-4714-AE80-08A33CEDE179}.Release|x64.Build.0 = Release|x64
		{A0487A00-A656-4714-AE80-08A33CEDE179}.Release|x86.ActiveCfg = Release|Win32
		{A0487A00-A656-4714-AE80-08A33CEDE179}.Release|x86.Build.0 = Release|Win32
	EndGlobalSection
	GlobalSection(SolutionProperties) = preSolution
		HideSolutionNode = FALSE
	EndGlobalSection
	GlobalSection(ExtensibilityGlobals) = postSolution
		SolutionGuid = {E4587F03-CE7C-4F71-86B8-DED2A7DB8BB4}
	EndGlobalSection
EndGlobal
